
Microsoft Visual Studio Solution File, Format Version 12.00
# Visual Studio Version 17
VisualStudioVersion = 17.9.34701.34
MinimumVisualStudioVersion = 10.0.40219.1
Project("{FAE04EC0-301F-11D3-BF4B-00C04F79EFBC}") = "PR3_git", "PR3_git\PR3_git.csproj", "{0B7CE38E-A677-46BA-96D8-B4E30D7E33CD}"
EndProject
Global
	GlobalSection(SolutionConfigurationPlatforms) = preSolution
		Debug|Any CPU = Debug|Any CPU
		Release|Any CPU = Release|Any CPU
	EndGlobalSection
	GlobalSection(ProjectConfigurationPlatforms) = postSolution
		{0B7CE38E-A677-46BA-96D8-B4E30D7E33CD}.Debug|Any CPU.ActiveCfg = Debug|Any CPU
		{0B7CE38E-A677-46BA-96D8-B4E30D7E33CD}.Debug|Any CPU.Build.0 = Debug|Any CPU
		{0B7CE38E-A677-46BA-96D8-B4E30D7E33CD}.Release|Any CPU.ActiveCfg = Release|Any CPU
		{0B7CE38E-A677-46BA-96D8-B4E30D7E33CD}.Release|Any CPU.Build.0 = Release|Any CPU
	EndGlobalSection
	GlobalSection(SolutionProperties) = preSolution
		HideSolutionNode = FALSE
	EndGlobalSection
	GlobalSection(ExtensibilityGlobals) = postSolution
		SolutionGuid = {60DF674E-03CC-4BAA-9CD9-1A48B8AFAF8C}
	EndGlobalSection
EndGlobal
